// !$*UTF8*$!
{
	archiveVersion = 1;
	classes = {
	};
	objectVersion = 46;
	objects = {

/* Begin PBXBuildFile section */
		6C0009CA17C802A100D308E3 /* welcome-1.png in Resources */ = {isa = PBXBuildFile; fileRef = 6C0009BE17C802A100D308E3 /* welcome-1.png */; };
		6C0009CB17C802A100D308E3 /* welcome-1@2x.png in Resources */ = {isa = PBXBuildFile; fileRef = 6C0009BF17C802A100D308E3 /* welcome-1@2x.png */; };
		6C0009CC17C802A100D308E3 /* welcome-2.png in Resources */ = {isa = PBXBuildFile; fileRef = 6C0009C017C802A100D308E3 /* welcome-2.png */; };
		6C0009CD17C802A100D308E3 /* welcome-2@2x.png in Resources */ = {isa = PBXBuildFile; fileRef = 6C0009C117C802A100D308E3 /* welcome-2@2x.png */; };
		6C0009CE17C802A100D308E3 /* welcome-3.png in Resources */ = {isa = PBXBuildFile; fileRef = 6C0009C217C802A100D308E3 /* welcome-3.png */; };
		6C0009CF17C802A100D308E3 /* welcome-3@2x.png in Resources */ = {isa = PBXBuildFile; fileRef = 6C0009C317C802A100D308E3 /* welcome-3@2x.png */; };
		6C0009D017C802A100D308E3 /* welcome-4.png in Resources */ = {isa = PBXBuildFile; fileRef = 6C0009C417C802A100D308E3 /* welcome-4.png */; };
		6C0009D117C802A100D308E3 /* welcome-4@2x.png in Resources */ = {isa = PBXBuildFile; fileRef = 6C0009C517C802A100D308E3 /* welcome-4@2x.png */; };
		6C0009D217C802A100D308E3 /* welcome-5.png in Resources */ = {isa = PBXBuildFile; fileRef = 6C0009C617C802A100D308E3 /* welcome-5.png */; };
		6C0009D317C802A100D308E3 /* welcome-5@2x.png in Resources */ = {isa = PBXBuildFile; fileRef = 6C0009C717C802A100D308E3 /* welcome-5@2x.png */; };
		6C0009D417C802A100D308E3 /* welcome-bg.png in Resources */ = {isa = PBXBuildFile; fileRef = 6C0009C817C802A100D308E3 /* welcome-bg.png */; };
		6C0009D517C802A100D308E3 /* welcome-bg@2x.png in Resources */ = {isa = PBXBuildFile; fileRef = 6C0009C917C802A100D308E3 /* welcome-bg@2x.png */; };
		6C2E1E3317C8214C00C9C780 /* recommendedvids.png in Resources */ = {isa = PBXBuildFile; fileRef = 6C2E1E3117C8214C00C9C780 /* recommendedvids.png */; };
		6C2E1E3417C8214C00C9C780 /* recommendedvids@2x.png in Resources */ = {isa = PBXBuildFile; fileRef = 6C2E1E3217C8214C00C9C780 /* recommendedvids@2x.png */; };
		6C2E1E3717C8265900C9C780 /* jumpingjackssmall.png in Resources */ = {isa = PBXBuildFile; fileRef = 6C2E1E3517C8265900C9C780 /* jumpingjackssmall.png */; };
		6C2E1E3817C8265900C9C780 /* jumpingjackssmall@2x.png in Resources */ = {isa = PBXBuildFile; fileRef = 6C2E1E3617C8265900C9C780 /* jumpingjackssmall@2x.png */; };
		6CEE55B917CC392F0050A46F /* profileimg.png in Resources */ = {isa = PBXBuildFile; fileRef = 6CEE55B717CC392F0050A46F /* profileimg.png */; };
		6CEE55BA17CC392F0050A46F /* profileimg@2x.png in Resources */ = {isa = PBXBuildFile; fileRef = 6CEE55B817CC392F0050A46F /* profileimg@2x.png */; };
		6CEE55BF17CD53290050A46F /* greyarrowdown.png in Resources */ = {isa = PBXBuildFile; fileRef = 6CEE55BB17CD53290050A46F /* greyarrowdown.png */; };
		6CEE55C017CD53290050A46F /* greyarrowdown@2x.png in Resources */ = {isa = PBXBuildFile; fileRef = 6CEE55BC17CD53290050A46F /* greyarrowdown@2x.png */; };
		6CEE55C117CD53290050A46F /* greyarrowright.png in Resources */ = {isa = PBXBuildFile; fileRef = 6CEE55BD17CD53290050A46F /* greyarrowright.png */; };
		6CEE55C217CD53290050A46F /* greyarrowright@2x.png in Resources */ = {isa = PBXBuildFile; fileRef = 6CEE55BE17CD53290050A46F /* greyarrowright@2x.png */; };
		6CEE55C517CD5E190050A46F /* youtubeicon.png in Resources */ = {isa = PBXBuildFile; fileRef = 6CEE55C317CD5D380050A46F /* youtubeicon.png */; };
		6CEE55C617CD5E1C0050A46F /* youtubeicon@2x.png in Resources */ = {isa = PBXBuildFile; fileRef = 6CEE55C417CD5D380050A46F /* youtubeicon@2x.png */; };
		6CEE55C917CEC76E0050A46F /* facebook.png in Resources */ = {isa = PBXBuildFile; fileRef = 6CEE55C717CEC76E0050A46F /* facebook.png */; };
		6CEE55CA17CEC76E0050A46F /* facebook@2x.png in Resources */ = {isa = PBXBuildFile; fileRef = 6CEE55C817CEC76E0050A46F /* facebook@2x.png */; };
		8893C25217B3F6F900CECDC5 /* Foundation.framework in Frameworks */ = {isa = PBXBuildFile; fileRef = 8893C25117B3F6F900CECDC5 /* Foundation.framework */; };
		8893C25417B3F6F900CECDC5 /* CoreGraphics.framework in Frameworks */ = {isa = PBXBuildFile; fileRef = 8893C25317B3F6F900CECDC5 /* CoreGraphics.framework */; };
		8893C25617B3F6F900CECDC5 /* UIKit.framework in Frameworks */ = {isa = PBXBuildFile; fileRef = 8893C25517B3F6F900CECDC5 /* UIKit.framework */; };
		8893C25C17B3F6F900CECDC5 /* InfoPlist.strings in Resources */ = {isa = PBXBuildFile; fileRef = 8893C25A17B3F6F900CECDC5 /* InfoPlist.strings */; };
		8893C25E17B3F6F900CECDC5 /* main.m in Sources */ = {isa = PBXBuildFile; fileRef = 8893C25D17B3F6F900CECDC5 /* main.m */; };
		8893C26217B3F6F900CECDC5 /* CHAppDelegate.m in Sources */ = {isa = PBXBuildFile; fileRef = 8893C26117B3F6F900CECDC5 /* CHAppDelegate.m */; };
		8893C26517B3F6F900CECDC5 /* Main.storyboard in Resources */ = {isa = PBXBuildFile; fileRef = 8893C26317B3F6F900CECDC5 /* Main.storyboard */; };
		8893C26817B3F6F900CECDC5 /* CHViewController.m in Sources */ = {isa = PBXBuildFile; fileRef = 8893C26717B3F6F900CECDC5 /* CHViewController.m */; };
		8893C26A17B3F6F900CECDC5 /* Images.xcassets in Resources */ = {isa = PBXBuildFile; fileRef = 8893C26917B3F6F900CECDC5 /* Images.xcassets */; };
		8893C27117B3F6F900CECDC5 /* XCTest.framework in Frameworks */ = {isa = PBXBuildFile; fileRef = 8893C27017B3F6F900CECDC5 /* XCTest.framework */; };
		8893C27217B3F6F900CECDC5 /* Foundation.framework in Frameworks */ = {isa = PBXBuildFile; fileRef = 8893C25117B3F6F900CECDC5 /* Foundation.framework */; };
		8893C27317B3F6F900CECDC5 /* UIKit.framework in Frameworks */ = {isa = PBXBuildFile; fileRef = 8893C25517B3F6F900CECDC5 /* UIKit.framework */; };
		8893C27B17B3F6F900CECDC5 /* InfoPlist.strings in Resources */ = {isa = PBXBuildFile; fileRef = 8893C27917B3F6F900CECDC5 /* InfoPlist.strings */; };
		8893C27D17B3F6F900CECDC5 /* CouchyTests.m in Sources */ = {isa = PBXBuildFile; fileRef = 8893C27C17B3F6F900CECDC5 /* CouchyTests.m */; };
		8893C28717B3F81700CECDC5 /* tv1.png in Resources */ = {isa = PBXBuildFile; fileRef = 8893C28617B3F81700CECDC5 /* tv1.png */; };
		8893C28A17B3F9F100CECDC5 /* CHFeedViewController.m in Sources */ = {isa = PBXBuildFile; fileRef = 8893C28917B3F9F100CECDC5 /* CHFeedViewController.m */; };
		8893C28D17B3FAED00CECDC5 /* CHFeedItemCell.m in Sources */ = {isa = PBXBuildFile; fileRef = 8893C28C17B3FAED00CECDC5 /* CHFeedItemCell.m */; };
		88C2746D17BA77390025FED0 /* libFlurry.a in Frameworks */ = {isa = PBXBuildFile; fileRef = 88C2746C17BA77390025FED0 /* libFlurry.a */; };
		88C2746F17BA783E0025FED0 /* SystemConfiguration.framework in Frameworks */ = {isa = PBXBuildFile; fileRef = 88C2746E17BA783E0025FED0 /* SystemConfiguration.framework */; };
		88D78E9717B54A0100D9428C /* CHVideoRef.m in Sources */ = {isa = PBXBuildFile; fileRef = 88D78E9617B54A0100D9428C /* CHVideoRef.m */; };
/* End PBXBuildFile section */

/* Begin PBXContainerItemProxy section */
		8893C27417B3F6F900CECDC5 /* PBXContainerItemProxy */ = {
			isa = PBXContainerItemProxy;
			containerPortal = 8893C24617B3F6F900CECDC5 /* Project object */;
			proxyType = 1;
			remoteGlobalIDString = 8893C24D17B3F6F900CECDC5;
			remoteInfo = Couchy;
		};
/* End PBXContainerItemProxy section */

/* Begin PBXFileReference section */
		6C0009BE17C802A100D308E3 /* welcome-1.png */ = {isa = PBXFileReference; lastKnownFileType = image.png; path = "welcome-1.png"; sourceTree = "<group>"; };
		6C0009BF17C802A100D308E3 /* welcome-1@2x.png */ = {isa = PBXFileReference; lastKnownFileType = image.png; path = "welcome-1@2x.png"; sourceTree = "<group>"; };
		6C0009C017C802A100D308E3 /* welcome-2.png */ = {isa = PBXFileReference; lastKnownFileType = image.png; path = "welcome-2.png"; sourceTree = "<group>"; };
		6C0009C117C802A100D308E3 /* welcome-2@2x.png */ = {isa = PBXFileReference; lastKnownFileType = image.png; path = "welcome-2@2x.png"; sourceTree = "<group>"; };
		6C0009C217C802A100D308E3 /* welcome-3.png */ = {isa = PBXFileReference; lastKnownFileType = image.png; path = "welcome-3.png"; sourceTree = "<group>"; };
		6C0009C317C802A100D308E3 /* welcome-3@2x.png */ = {isa = PBXFileReference; lastKnownFileType = image.png; path = "welcome-3@2x.png"; sourceTree = "<group>"; };
		6C0009C417C802A100D308E3 /* welcome-4.png */ = {isa = PBXFileReference; lastKnownFileType = image.png; path = "welcome-4.png"; sourceTree = "<group>"; };
		6C0009C517C802A100D308E3 /* welcome-4@2x.png */ = {isa = PBXFileReference; lastKnownFileType = image.png; path = "welcome-4@2x.png"; sourceTree = "<group>"; };
		6C0009C617C802A100D308E3 /* welcome-5.png */ = {isa = PBXFileReference; lastKnownFileType = image.png; path = "welcome-5.png"; sourceTree = "<group>"; };
		6C0009C717C802A100D308E3 /* welcome-5@2x.png */ = {isa = PBXFileReference; lastKnownFileType = image.png; path = "welcome-5@2x.png"; sourceTree = "<group>"; };
		6C0009C817C802A100D308E3 /* welcome-bg.png */ = {isa = PBXFileReference; lastKnownFileType = image.png; path = "welcome-bg.png"; sourceTree = "<group>"; };
		6C0009C917C802A100D308E3 /* welcome-bg@2x.png */ = {isa = PBXFileReference; lastKnownFileType = image.png; path = "welcome-bg@2x.png"; sourceTree = "<group>"; };
		6C2E1E3117C8214C00C9C780 /* recommendedvids.png */ = {isa = PBXFileReference; lastKnownFileType = image.png; path = recommendedvids.png; sourceTree = "<group>"; };
		6C2E1E3217C8214C00C9C780 /* recommendedvids@2x.png */ = {isa = PBXFileReference; lastKnownFileType = image.png; path = "recommendedvids@2x.png"; sourceTree = "<group>"; };
		6C2E1E3517C8265900C9C780 /* jumpingjackssmall.png */ = {isa = PBXFileReference; lastKnownFileType = image.png; path = jumpingjackssmall.png; sourceTree = "<group>"; };
		6C2E1E3617C8265900C9C780 /* jumpingjackssmall@2x.png */ = {isa = PBXFileReference; lastKnownFileType = image.png; path = "jumpingjackssmall@2x.png"; sourceTree = "<group>"; };
		6CEE55B717CC392F0050A46F /* profileimg.png */ = {isa = PBXFileReference; lastKnownFileType = image.png; path = profileimg.png; sourceTree = "<group>"; };
		6CEE55B817CC392F0050A46F /* profileimg@2x.png */ = {isa = PBXFileReference; lastKnownFileType = image.png; path = "profileimg@2x.png"; sourceTree = "<group>"; };
		6CEE55BB17CD53290050A46F /* greyarrowdown.png */ = {isa = PBXFileReference; lastKnownFileType = image.png; path = greyarrowdown.png; sourceTree = "<group>"; };
		6CEE55BC17CD53290050A46F /* greyarrowdown@2x.png */ = {isa = PBXFileReference; lastKnownFileType = image.png; path = "greyarrowdown@2x.png"; sourceTree = "<group>"; };
		6CEE55BD17CD53290050A46F /* greyarrowright.png */ = {isa = PBXFileReference; lastKnownFileType = image.png; path = greyarrowright.png; sourceTree = "<group>"; };
		6CEE55BE17CD53290050A46F /* greyarrowright@2x.png */ = {isa = PBXFileReference; lastKnownFileType = image.png; path = "greyarrowright@2x.png"; sourceTree = "<group>"; };
		6CEE55C317CD5D380050A46F /* youtubeicon.png */ = {isa = PBXFileReference; lastKnownFileType = image.png; path = youtubeicon.png; sourceTree = "<group>"; };
		6CEE55C417CD5D380050A46F /* youtubeicon@2x.png */ = {isa = PBXFileReference; lastKnownFileType = image.png; path = "youtubeicon@2x.png"; sourceTree = "<group>"; };
		6CEE55C717CEC76E0050A46F /* facebook.png */ = {isa = PBXFileReference; lastKnownFileType = image.png; path = facebook.png; sourceTree = "<group>"; };
		6CEE55C817CEC76E0050A46F /* facebook@2x.png */ = {isa = PBXFileReference; lastKnownFileType = image.png; path = "facebook@2x.png"; sourceTree = "<group>"; };
		8893C24E17B3F6F900CECDC5 /* Couchy.app */ = {isa = PBXFileReference; explicitFileType = wrapper.application; includeInIndex = 0; path = Couchy.app; sourceTree = BUILT_PRODUCTS_DIR; };
		8893C25117B3F6F900CECDC5 /* Foundation.framework */ = {isa = PBXFileReference; lastKnownFileType = wrapper.framework; name = Foundation.framework; path = System/Library/Frameworks/Foundation.framework; sourceTree = SDKROOT; };
		8893C25317B3F6F900CECDC5 /* CoreGraphics.framework */ = {isa = PBXFileReference; lastKnownFileType = wrapper.framework; name = CoreGraphics.framework; path = System/Library/Frameworks/CoreGraphics.framework; sourceTree = SDKROOT; };
		8893C25517B3F6F900CECDC5 /* UIKit.framework */ = {isa = PBXFileReference; lastKnownFileType = wrapper.framework; name = UIKit.framework; path = System/Library/Frameworks/UIKit.framework; sourceTree = SDKROOT; };
		8893C25917B3F6F900CECDC5 /* Couchy-Info.plist */ = {isa = PBXFileReference; lastKnownFileType = text.plist.xml; path = "Couchy-Info.plist"; sourceTree = "<group>"; };
		8893C25B17B3F6F900CECDC5 /* en */ = {isa = PBXFileReference; lastKnownFileType = text.plist.strings; name = en; path = en.lproj/InfoPlist.strings; sourceTree = "<group>"; };
		8893C25D17B3F6F900CECDC5 /* main.m */ = {isa = PBXFileReference; lastKnownFileType = sourcecode.c.objc; path = main.m; sourceTree = "<group>"; };
		8893C25F17B3F6F900CECDC5 /* Couchy-Prefix.pch */ = {isa = PBXFileReference; lastKnownFileType = sourcecode.c.h; path = "Couchy-Prefix.pch"; sourceTree = "<group>"; };
		8893C26017B3F6F900CECDC5 /* CHAppDelegate.h */ = {isa = PBXFileReference; lastKnownFileType = sourcecode.c.h; path = CHAppDelegate.h; sourceTree = "<group>"; };
		8893C26117B3F6F900CECDC5 /* CHAppDelegate.m */ = {isa = PBXFileReference; lastKnownFileType = sourcecode.c.objc; path = CHAppDelegate.m; sourceTree = "<group>"; };
		8893C26417B3F6F900CECDC5 /* Base */ = {isa = PBXFileReference; lastKnownFileType = file.storyboard; name = Base; path = Base.lproj/Main.storyboard; sourceTree = "<group>"; };
		8893C26617B3F6F900CECDC5 /* CHViewController.h */ = {isa = PBXFileReference; lastKnownFileType = sourcecode.c.h; path = CHViewController.h; sourceTree = "<group>"; };
		8893C26717B3F6F900CECDC5 /* CHViewController.m */ = {isa = PBXFileReference; lastKnownFileType = sourcecode.c.objc; path = CHViewController.m; sourceTree = "<group>"; };
		8893C26917B3F6F900CECDC5 /* Images.xcassets */ = {isa = PBXFileReference; lastKnownFileType = folder.assetcatalog; path = Images.xcassets; sourceTree = "<group>"; };
		8893C26F17B3F6F900CECDC5 /* CouchyTests.xctest */ = {isa = PBXFileReference; explicitFileType = wrapper.cfbundle; includeInIndex = 0; path = CouchyTests.xctest; sourceTree = BUILT_PRODUCTS_DIR; };
		8893C27017B3F6F900CECDC5 /* XCTest.framework */ = {isa = PBXFileReference; lastKnownFileType = wrapper.framework; name = XCTest.framework; path = Library/Frameworks/XCTest.framework; sourceTree = DEVELOPER_DIR; };
		8893C27817B3F6F900CECDC5 /* CouchyTests-Info.plist */ = {isa = PBXFileReference; lastKnownFileType = text.plist.xml; path = "CouchyTests-Info.plist"; sourceTree = "<group>"; };
		8893C27A17B3F6F900CECDC5 /* en */ = {isa = PBXFileReference; lastKnownFileType = text.plist.strings; name = en; path = en.lproj/InfoPlist.strings; sourceTree = "<group>"; };
		8893C27C17B3F6F900CECDC5 /* CouchyTests.m */ = {isa = PBXFileReference; lastKnownFileType = sourcecode.c.objc; path = CouchyTests.m; sourceTree = "<group>"; };
		8893C28617B3F81700CECDC5 /* tv1.png */ = {isa = PBXFileReference; lastKnownFileType = image.png; path = tv1.png; sourceTree = "<group>"; };
		8893C28817B3F9F100CECDC5 /* CHFeedViewController.h */ = {isa = PBXFileReference; fileEncoding = 4; lastKnownFileType = sourcecode.c.h; path = CHFeedViewController.h; sourceTree = "<group>"; };
		8893C28917B3F9F100CECDC5 /* CHFeedViewController.m */ = {isa = PBXFileReference; fileEncoding = 4; lastKnownFileType = sourcecode.c.objc; path = CHFeedViewController.m; sourceTree = "<group>"; };
		8893C28B17B3FAED00CECDC5 /* CHFeedItemCell.h */ = {isa = PBXFileReference; fileEncoding = 4; lastKnownFileType = sourcecode.c.h; path = CHFeedItemCell.h; sourceTree = "<group>"; };
		8893C28C17B3FAED00CECDC5 /* CHFeedItemCell.m */ = {isa = PBXFileReference; fileEncoding = 4; lastKnownFileType = sourcecode.c.objc; path = CHFeedItemCell.m; sourceTree = "<group>"; };
		88C2746B17BA77390025FED0 /* Flurry.h */ = {isa = PBXFileReference; fileEncoding = 4; lastKnownFileType = sourcecode.c.h; path = Flurry.h; sourceTree = "<group>"; };
		88C2746C17BA77390025FED0 /* libFlurry.a */ = {isa = PBXFileReference; lastKnownFileType = archive.ar; path = libFlurry.a; sourceTree = "<group>"; };
		88C2746E17BA783E0025FED0 /* SystemConfiguration.framework */ = {isa = PBXFileReference; lastKnownFileType = wrapper.framework; name = SystemConfiguration.framework; path = System/Library/Frameworks/SystemConfiguration.framework; sourceTree = SDKROOT; };
		88D78E9517B54A0100D9428C /* CHVideoRef.h */ = {isa = PBXFileReference; fileEncoding = 4; lastKnownFileType = sourcecode.c.h; path = CHVideoRef.h; sourceTree = "<group>"; };
		88D78E9617B54A0100D9428C /* CHVideoRef.m */ = {isa = PBXFileReference; fileEncoding = 4; lastKnownFileType = sourcecode.c.objc; path = CHVideoRef.m; sourceTree = "<group>"; };
/* End PBXFileReference section */

/* Begin PBXFrameworksBuildPhase section */
		8893C24B17B3F6F900CECDC5 /* Frameworks */ = {
			isa = PBXFrameworksBuildPhase;
			buildActionMask = 2147483647;
			files = (
				88C2746F17BA783E0025FED0 /* SystemConfiguration.framework in Frameworks */,
				88C2746D17BA77390025FED0 /* libFlurry.a in Frameworks */,
				8893C25417B3F6F900CECDC5 /* CoreGraphics.framework in Frameworks */,
				8893C25617B3F6F900CECDC5 /* UIKit.framework in Frameworks */,
				8893C25217B3F6F900CECDC5 /* Foundation.framework in Frameworks */,
			);
			runOnlyForDeploymentPostprocessing = 0;
		};
		8893C26C17B3F6F900CECDC5 /* Frameworks */ = {
			isa = PBXFrameworksBuildPhase;
			buildActionMask = 2147483647;
			files = (
				8893C27117B3F6F900CECDC5 /* XCTest.framework in Frameworks */,
				8893C27317B3F6F900CECDC5 /* UIKit.framework in Frameworks */,
				8893C27217B3F6F900CECDC5 /* Foundation.framework in Frameworks */,
			);
			runOnlyForDeploymentPostprocessing = 0;
		};
/* End PBXFrameworksBuildPhase section */

/* Begin PBXGroup section */
		8893C24517B3F6F900CECDC5 = {
			isa = PBXGroup;
			children = (
				8893C25717B3F6F900CECDC5 /* Couchy */,
				8893C27617B3F6F900CECDC5 /* CouchyTests */,
				8893C25017B3F6F900CECDC5 /* Frameworks */,
				8893C24F17B3F6F900CECDC5 /* Products */,
			);
			sourceTree = "<group>";
		};
		8893C24F17B3F6F900CECDC5 /* Products */ = {
			isa = PBXGroup;
			children = (
				8893C24E17B3F6F900CECDC5 /* Couchy.app */,
				8893C26F17B3F6F900CECDC5 /* CouchyTests.xctest */,
			);
			name = Products;
			sourceTree = "<group>";
		};
		8893C25017B3F6F900CECDC5 /* Frameworks */ = {
			isa = PBXGroup;
			children = (
				88C2746E17BA783E0025FED0 /* SystemConfiguration.framework */,
				88C2746A17BA77390025FED0 /* Flurry */,
				8893C25117B3F6F900CECDC5 /* Foundation.framework */,
				8893C25317B3F6F900CECDC5 /* CoreGraphics.framework */,
				8893C25517B3F6F900CECDC5 /* UIKit.framework */,
				8893C27017B3F6F900CECDC5 /* XCTest.framework */,
			);
			name = Frameworks;
			sourceTree = "<group>";
		};
		8893C25717B3F6F900CECDC5 /* Couchy */ = {
			isa = PBXGroup;
			children = (
				8893C26017B3F6F900CECDC5 /* CHAppDelegate.h */,
				8893C26117B3F6F900CECDC5 /* CHAppDelegate.m */,
				8893C26317B3F6F900CECDC5 /* Main.storyboard */,
				6CEE55C717CEC76E0050A46F /* facebook.png */,
				6CEE55C817CEC76E0050A46F /* facebook@2x.png */,
				8893C28B17B3FAED00CECDC5 /* CHFeedItemCell.h */,
				8893C28C17B3FAED00CECDC5 /* CHFeedItemCell.m */,
				8893C28817B3F9F100CECDC5 /* CHFeedViewController.h */,
				8893C28917B3F9F100CECDC5 /* CHFeedViewController.m */,
				88D78E9517B54A0100D9428C /* CHVideoRef.h */,
				88D78E9617B54A0100D9428C /* CHVideoRef.m */,
				8893C26617B3F6F900CECDC5 /* CHViewController.h */,
				8893C26717B3F6F900CECDC5 /* CHViewController.m */,
				8893C26917B3F6F900CECDC5 /* Images.xcassets */,
				8893C25817B3F6F900CECDC5 /* Supporting Files */,
			);
			path = Couchy;
			sourceTree = "<group>";
		};
		8893C25817B3F6F900CECDC5 /* Supporting Files */ = {
			isa = PBXGroup;
			children = (
				6CEE55C317CD5D380050A46F /* youtubeicon.png */,
				6CEE55C417CD5D380050A46F /* youtubeicon@2x.png */,
				6CEE55BB17CD53290050A46F /* greyarrowdown.png */,
				6CEE55BC17CD53290050A46F /* greyarrowdown@2x.png */,
				6CEE55BD17CD53290050A46F /* greyarrowright.png */,
				6CEE55BE17CD53290050A46F /* greyarrowright@2x.png */,
				6CEE55B717CC392F0050A46F /* profileimg.png */,
				6CEE55B817CC392F0050A46F /* profileimg@2x.png */,
				6C2E1E3517C8265900C9C780 /* jumpingjackssmall.png */,
				6C2E1E3617C8265900C9C780 /* jumpingjackssmall@2x.png */,
				6C2E1E3117C8214C00C9C780 /* recommendedvids.png */,
				6C2E1E3217C8214C00C9C780 /* recommendedvids@2x.png */,
				6C0009BE17C802A100D308E3 /* welcome-1.png */,
				6C0009BF17C802A100D308E3 /* welcome-1@2x.png */,
				6C0009C017C802A100D308E3 /* welcome-2.png */,
				6C0009C117C802A100D308E3 /* welcome-2@2x.png */,
				6C0009C217C802A100D308E3 /* welcome-3.png */,
				6C0009C317C802A100D308E3 /* welcome-3@2x.png */,
				6C0009C417C802A100D308E3 /* welcome-4.png */,
				6C0009C517C802A100D308E3 /* welcome-4@2x.png */,
				6C0009C617C802A100D308E3 /* welcome-5.png */,
				6C0009C717C802A100D308E3 /* welcome-5@2x.png */,
				6C0009C817C802A100D308E3 /* welcome-bg.png */,
				6C0009C917C802A100D308E3 /* welcome-bg@2x.png */,
				8893C28617B3F81700CECDC5 /* tv1.png */,
				8893C25917B3F6F900CECDC5 /* Couchy-Info.plist */,
				8893C25A17B3F6F900CECDC5 /* InfoPlist.strings */,
				8893C25D17B3F6F900CECDC5 /* main.m */,
				8893C25F17B3F6F900CECDC5 /* Couchy-Prefix.pch */,
			);
			name = "Supporting Files";
			sourceTree = "<group>";
		};
		8893C27617B3F6F900CECDC5 /* CouchyTests */ = {
			isa = PBXGroup;
			children = (
				8893C27C17B3F6F900CECDC5 /* CouchyTests.m */,
				8893C27717B3F6F900CECDC5 /* Supporting Files */,
			);
			path = CouchyTests;
			sourceTree = "<group>";
		};
		8893C27717B3F6F900CECDC5 /* Supporting Files */ = {
			isa = PBXGroup;
			children = (
				8893C27817B3F6F900CECDC5 /* CouchyTests-Info.plist */,
				8893C27917B3F6F900CECDC5 /* InfoPlist.strings */,
			);
			name = "Supporting Files";
			sourceTree = "<group>";
		};
		88C2746A17BA77390025FED0 /* Flurry */ = {
			isa = PBXGroup;
			children = (
				88C2746B17BA77390025FED0 /* Flurry.h */,
				88C2746C17BA77390025FED0 /* libFlurry.a */,
			);
			path = Flurry;
			sourceTree = "<group>";
		};
/* End PBXGroup section */

/* Begin PBXNativeTarget section */
		8893C24D17B3F6F900CECDC5 /* Couchy */ = {
			isa = PBXNativeTarget;
			buildConfigurationList = 8893C28017B3F6F900CECDC5 /* Build configuration list for PBXNativeTarget "Couchy" */;
			buildPhases = (
				8893C24A17B3F6F900CECDC5 /* Sources */,
				8893C24B17B3F6F900CECDC5 /* Frameworks */,
				8893C24C17B3F6F900CECDC5 /* Resources */,
			);
			buildRules = (
			);
			dependencies = (
			);
			name = Couchy;
			productName = Couchy;
			productReference = 8893C24E17B3F6F900CECDC5 /* Couchy.app */;
			productType = "com.apple.product-type.application";
		};
		8893C26E17B3F6F900CECDC5 /* CouchyTests */ = {
			isa = PBXNativeTarget;
			buildConfigurationList = 8893C28317B3F6F900CECDC5 /* Build configuration list for PBXNativeTarget "CouchyTests" */;
			buildPhases = (
				8893C26B17B3F6F900CECDC5 /* Sources */,
				8893C26C17B3F6F900CECDC5 /* Frameworks */,
				8893C26D17B3F6F900CECDC5 /* Resources */,
			);
			buildRules = (
			);
			dependencies = (
				8893C27517B3F6F900CECDC5 /* PBXTargetDependency */,
			);
			name = CouchyTests;
			productName = CouchyTests;
			productReference = 8893C26F17B3F6F900CECDC5 /* CouchyTests.xctest */;
			productType = "com.apple.product-type.bundle.unit-test";
		};
/* End PBXNativeTarget section */

/* Begin PBXProject section */
		8893C24617B3F6F900CECDC5 /* Project object */ = {
			isa = PBXProject;
			attributes = {
				CLASSPREFIX = CH;
				LastUpgradeCheck = 0500;
				ORGANIZATIONNAME = "Jesse Montrose";
				TargetAttributes = {
					8893C24D17B3F6F900CECDC5 = {
						DevelopmentTeam = DDG9H5RQLK;
					};
					8893C26E17B3F6F900CECDC5 = {
						TestTargetID = 8893C24D17B3F6F900CECDC5;
					};
				};
			};
			buildConfigurationList = 8893C24917B3F6F900CECDC5 /* Build configuration list for PBXProject "Couchy" */;
			compatibilityVersion = "Xcode 3.2";
			developmentRegion = English;
			hasScannedForEncodings = 0;
			knownRegions = (
				en,
				Base,
			);
			mainGroup = 8893C24517B3F6F900CECDC5;
			productRefGroup = 8893C24F17B3F6F900CECDC5 /* Products */;
			projectDirPath = "";
			projectRoot = "";
			targets = (
				8893C24D17B3F6F900CECDC5 /* Couchy */,
				8893C26E17B3F6F900CECDC5 /* CouchyTests */,
			);
		};
/* End PBXProject section */

/* Begin PBXResourcesBuildPhase section */
		8893C24C17B3F6F900CECDC5 /* Resources */ = {
			isa = PBXResourcesBuildPhase;
			buildActionMask = 2147483647;
			files = (
				6CEE55C617CD5E1C0050A46F /* youtubeicon@2x.png in Resources */,
				6CEE55C517CD5E190050A46F /* youtubeicon.png in Resources */,
				6C0009CA17C802A100D308E3 /* welcome-1.png in Resources */,
				6C2E1E3317C8214C00C9C780 /* recommendedvids.png in Resources */,
				6C0009CB17C802A100D308E3 /* welcome-1@2x.png in Resources */,
				6C0009CC17C802A100D308E3 /* welcome-2.png in Resources */,
				6C2E1E3817C8265900C9C780 /* jumpingjackssmall@2x.png in Resources */,
				6C0009CD17C802A100D308E3 /* welcome-2@2x.png in Resources */,
				6C2E1E3717C8265900C9C780 /* jumpingjackssmall.png in Resources */,
				6CEE55C917CEC76E0050A46F /* facebook.png in Resources */,
				6CEE55CA17CEC76E0050A46F /* facebook@2x.png in Resources */,
				6C0009CE17C802A100D308E3 /* welcome-3.png in Resources */,
				6C0009CF17C802A100D308E3 /* welcome-3@2x.png in Resources */,
				6C0009D017C802A100D308E3 /* welcome-4.png in Resources */,
				6C0009D117C802A100D308E3 /* welcome-4@2x.png in Resources */,
				6C0009D217C802A100D308E3 /* welcome-5.png in Resources */,
				6C0009D317C802A100D308E3 /* welcome-5@2x.png in Resources */,
				6C0009D417C802A100D308E3 /* welcome-bg.png in Resources */,
				6CEE55BA17CC392F0050A46F /* profileimg@2x.png in Resources */,
				6C2E1E3417C8214C00C9C780 /* recommendedvids@2x.png in Resources */,
				6CEE55BF17CD53290050A46F /* greyarrowdown.png in Resources */,
				6CEE55B917CC392F0050A46F /* profileimg.png in Resources */,
				6C0009D517C802A100D308E3 /* welcome-bg@2x.png in Resources */,
				6CEE55C017CD53290050A46F /* greyarrowdown@2x.png in Resources */,
				6CEE55C217CD53290050A46F /* greyarrowright@2x.png in Resources */,
				8893C26A17B3F6F900CECDC5 /* Images.xcassets in Resources */,
				8893C28717B3F81700CECDC5 /* tv1.png in Resources */,
				8893C25C17B3F6F900CECDC5 /* InfoPlist.strings in Resources */,
				8893C26517B3F6F900CECDC5 /* Main.storyboard in Resources */,
				6CEE55C117CD53290050A46F /* greyarrowright.png in Resources */,
			);
			runOnlyForDeploymentPostprocessing = 0;
		};
		8893C26D17B3F6F900CECDC5 /* Resources */ = {
			isa = PBXResourcesBuildPhase;
			buildActionMask = 2147483647;
			files = (
				8893C27B17B3F6F900CECDC5 /* InfoPlist.strings in Resources */,
			);
			runOnlyForDeploymentPostprocessing = 0;
		};
/* End PBXResourcesBuildPhase section */

/* Begin PBXSourcesBuildPhase section */
		8893C24A17B3F6F900CECDC5 /* Sources */ = {
			isa = PBXSourcesBuildPhase;
			buildActionMask = 2147483647;
			files = (
				8893C25E17B3F6F900CECDC5 /* main.m in Sources */,
				8893C26217B3F6F900CECDC5 /* CHAppDelegate.m in Sources */,
				88D78E9717B54A0100D9428C /* CHVideoRef.m in Sources */,
				8893C26817B3F6F900CECDC5 /* CHViewController.m in Sources */,
				8893C28D17B3FAED00CECDC5 /* CHFeedItemCell.m in Sources */,
				8893C28A17B3F9F100CECDC5 /* CHFeedViewController.m in Sources */,
			);
			runOnlyForDeploymentPostprocessing = 0;
		};
		8893C26B17B3F6F900CECDC5 /* Sources */ = {
			isa = PBXSourcesBuildPhase;
			buildActionMask = 2147483647;
			files = (
				8893C27D17B3F6F900CECDC5 /* CouchyTests.m in Sources */,
			);
			runOnlyForDeploymentPostprocessing = 0;
		};
/* End PBXSourcesBuildPhase section */

/* Begin PBXTargetDependency section */
		8893C27517B3F6F900CECDC5 /* PBXTargetDependency */ = {
			isa = PBXTargetDependency;
			target = 8893C24D17B3F6F900CECDC5 /* Couchy */;
			targetProxy = 8893C27417B3F6F900CECDC5 /* PBXContainerItemProxy */;
		};
/* End PBXTargetDependency section */

/* Begin PBXVariantGroup section */
		8893C25A17B3F6F900CECDC5 /* InfoPlist.strings */ = {
			isa = PBXVariantGroup;
			children = (
				8893C25B17B3F6F900CECDC5 /* en */,
			);
			name = InfoPlist.strings;
			sourceTree = "<group>";
		};
		8893C26317B3F6F900CECDC5 /* Main.storyboard */ = {
			isa = PBXVariantGroup;
			children = (
				8893C26417B3F6F900CECDC5 /* Base */,
			);
			name = Main.storyboard;
			sourceTree = "<group>";
		};
		8893C27917B3F6F900CECDC5 /* InfoPlist.strings */ = {
			isa = PBXVariantGroup;
			children = (
				8893C27A17B3F6F900CECDC5 /* en */,
			);
			name = InfoPlist.strings;
			sourceTree = "<group>";
		};
/* End PBXVariantGroup section */

/* Begin XCBuildConfiguration section */
		8893C27E17B3F6F900CECDC5 /* Debug */ = {
			isa = XCBuildConfiguration;
			buildSettings = {
				ALWAYS_SEARCH_USER_PATHS = NO;
				CLANG_CXX_LANGUAGE_STANDARD = "gnu++0x";
				CLANG_CXX_LIBRARY = "libc++";
				CLANG_ENABLE_MODULES = YES;
				CLANG_ENABLE_OBJC_ARC = YES;
				CLANG_WARN_BOOL_CONVERSION = YES;
				CLANG_WARN_CONSTANT_CONVERSION = YES;
				CLANG_WARN_DIRECT_OBJC_ISA_USAGE = YES_ERROR;
				CLANG_WARN_EMPTY_BODY = YES;
				CLANG_WARN_ENUM_CONVERSION = YES;
				CLANG_WARN_INT_CONVERSION = YES;
				CLANG_WARN_OBJC_ROOT_CLASS = YES_ERROR;
				CLANG_WARN__DUPLICATE_METHOD_MATCH = YES;
				"CODE_SIGN_IDENTITY[sdk=iphoneos*]" = "iPhone Developer";
				COPY_PHASE_STRIP = NO;
				GCC_C_LANGUAGE_STANDARD = gnu99;
				GCC_DYNAMIC_NO_PIC = NO;
				GCC_OPTIMIZATION_LEVEL = 0;
				GCC_PREPROCESSOR_DEFINITIONS = (
					"DEBUG=1",
					"$(inherited)",
				);
				GCC_SYMBOLS_PRIVATE_EXTERN = NO;
				GCC_WARN_ABOUT_RETURN_TYPE = YES_ERROR;
				GCC_WARN_UNDECLARED_SELECTOR = YES;
				GCC_WARN_UNINITIALIZED_AUTOS = YES;
				GCC_WARN_UNUSED_FUNCTION = YES;
				GCC_WARN_UNUSED_VARIABLE = YES;
				IPHONEOS_DEPLOYMENT_TARGET = 7.0;
				ONLY_ACTIVE_ARCH = YES;
				SDKROOT = iphoneos;
			};
			name = Debug;
		};
		8893C27F17B3F6F900CECDC5 /* Release */ = {
			isa = XCBuildConfiguration;
			buildSettings = {
				ALWAYS_SEARCH_USER_PATHS = NO;
				CLANG_CXX_LANGUAGE_STANDARD = "gnu++0x";
				CLANG_CXX_LIBRARY = "libc++";
				CLANG_ENABLE_MODULES = YES;
				CLANG_ENABLE_OBJC_ARC = YES;
				CLANG_WARN_BOOL_CONVERSION = YES;
				CLANG_WARN_CONSTANT_CONVERSION = YES;
				CLANG_WARN_DIRECT_OBJC_ISA_USAGE = YES_ERROR;
				CLANG_WARN_EMPTY_BODY = YES;
				CLANG_WARN_ENUM_CONVERSION = YES;
				CLANG_WARN_INT_CONVERSION = YES;
				CLANG_WARN_OBJC_ROOT_CLASS = YES_ERROR;
				CLANG_WARN__DUPLICATE_METHOD_MATCH = YES;
				"CODE_SIGN_IDENTITY[sdk=iphoneos*]" = "iPhone Developer";
				COPY_PHASE_STRIP = YES;
				ENABLE_NS_ASSERTIONS = NO;
				GCC_C_LANGUAGE_STANDARD = gnu99;
				GCC_WARN_ABOUT_RETURN_TYPE = YES_ERROR;
				GCC_WARN_UNDECLARED_SELECTOR = YES;
				GCC_WARN_UNINITIALIZED_AUTOS = YES;
				GCC_WARN_UNUSED_FUNCTION = YES;
				GCC_WARN_UNUSED_VARIABLE = YES;
				IPHONEOS_DEPLOYMENT_TARGET = 7.0;
				SDKROOT = iphoneos;
				VALIDATE_PRODUCT = YES;
			};
			name = Release;
		};
		8893C28117B3F6F900CECDC5 /* Debug */ = {
			isa = XCBuildConfiguration;
			buildSettings = {
				ASSETCATALOG_COMPILER_APPICON_NAME = AppIcon;
				ASSETCATALOG_COMPILER_LAUNCHIMAGE_NAME = LaunchImage;
				CODE_SIGN_IDENTITY = "iPhone Developer";
				"CODE_SIGN_IDENTITY[sdk=iphoneos*]" = "iPhone Developer";
				GCC_PRECOMPILE_PREFIX_HEADER = YES;
				GCC_PREFIX_HEADER = "Couchy/Couchy-Prefix.pch";
				INFOPLIST_FILE = "Couchy/Couchy-Info.plist";
				LIBRARY_SEARCH_PATHS = (
					"$(inherited)",
					"${SOURCE_ROOT}/Flurry",
				);
				PRODUCT_NAME = "$(TARGET_NAME)";
				PROVISIONING_PROFILE = "";
				WRAPPER_EXTENSION = app;
			};
			name = Debug;
		};
		8893C28217B3F6F900CECDC5 /* Release */ = {
			isa = XCBuildConfiguration;
			buildSettings = {
				ASSETCATALOG_COMPILER_APPICON_NAME = AppIcon;
				ASSETCATALOG_COMPILER_LAUNCHIMAGE_NAME = LaunchImage;
				CODE_SIGN_IDENTITY = "iPhone Developer";
				"CODE_SIGN_IDENTITY[sdk=iphoneos*]" = "iPhone Developer";
				GCC_PRECOMPILE_PREFIX_HEADER = YES;
				GCC_PREFIX_HEADER = "Couchy/Couchy-Prefix.pch";
				INFOPLIST_FILE = "Couchy/Couchy-Info.plist";
				LIBRARY_SEARCH_PATHS = (
					"$(inherited)",
					"${SOURCE_ROOT}/Flurry",
				);
				PRODUCT_NAME = "$(TARGET_NAME)";
				PROVISIONING_PROFILE = "";
				WRAPPER_EXTENSION = app;
			};
			name = Release;
		};
		8893C28417B3F6F900CECDC5 /* Debug */ = {
			isa = XCBuildConfiguration;
			buildSettings = {
				BUNDLE_LOADER = "$(BUILT_PRODUCTS_DIR)/Couchy.app/Couchy";
				FRAMEWORK_SEARCH_PATHS = (
					"$(SDKROOT)/Developer/Library/Frameworks",
					"$(inherited)",
					"$(DEVELOPER_FRAMEWORKS_DIR)",
				);
				GCC_PRECOMPILE_PREFIX_HEADER = YES;
				GCC_PREFIX_HEADER = "Couchy/Couchy-Prefix.pch";
				GCC_PREPROCESSOR_DEFINITIONS = (
					"DEBUG=1",
					"$(inherited)",
				);
				INFOPLIST_FILE = "CouchyTests/CouchyTests-Info.plist";
				PRODUCT_NAME = "$(TARGET_NAME)";
				TEST_HOST = "$(BUNDLE_LOADER)";
				WRAPPER_EXTENSION = xctest;
			};
			name = Debug;
		};
		8893C28517B3F6F900CECDC5 /* Release */ = {
			isa = XCBuildConfiguration;
			buildSettings = {
				BUNDLE_LOADER = "$(BUILT_PRODUCTS_DIR)/Couchy.app/Couchy";
				FRAMEWORK_SEARCH_PATHS = (
					"$(SDKROOT)/Developer/Library/Frameworks",
					"$(inherited)",
					"$(DEVELOPER_FRAMEWORKS_DIR)",
				);
				GCC_PRECOMPILE_PREFIX_HEADER = YES;
				GCC_PREFIX_HEADER = "Couchy/Couchy-Prefix.pch";
				INFOPLIST_FILE = "CouchyTests/CouchyTests-Info.plist";
				PRODUCT_NAME = "$(TARGET_NAME)";
				TEST_HOST = "$(BUNDLE_LOADER)";
				WRAPPER_EXTENSION = xctest;
			};
			name = Release;
		};
/* End XCBuildConfiguration section */

/* Begin XCConfigurationList section */
		8893C24917B3F6F900CECDC5 /* Build configuration list for PBXProject "Couchy" */ = {
			isa = XCConfigurationList;
			buildConfigurations = (
				8893C27E17B3F6F900CECDC5 /* Debug */,
				8893C27F17B3F6F900CECDC5 /* Release */,
			);
			defaultConfigurationIsVisible = 0;
			defaultConfigurationName = Release;
		};
		8893C28017B3F6F900CECDC5 /* Build configuration list for PBXNativeTarget "Couchy" */ = {
			isa = XCConfigurationList;
			buildConfigurations = (
				8893C28117B3F6F900CECDC5 /* Debug */,
				8893C28217B3F6F900CECDC5 /* Release */,
			);
			defaultConfigurationIsVisible = 0;
			defaultConfigurationName = Release;
		};
		8893C28317B3F6F900CECDC5 /* Build configuration list for PBXNativeTarget "CouchyTests" */ = {
			isa = XCConfigurationList;
			buildConfigurations = (
				8893C28417B3F6F900CECDC5 /* Debug */,
				8893C28517B3F6F900CECDC5 /* Release */,
			);
			defaultConfigurationIsVisible = 0;
			defaultConfigurationName = Release;
		};
/* End XCConfigurationList section */
	};
	rootObject = 8893C24617B3F6F900CECDC5 /* Project object */;
}
